<?xml version="1.0" encoding="utf-8"?>
<Project ToolsVersion="4.0" xmlns="http://schemas.microsoft.com/developer/msbuild/2003">
  <ItemGroup>
    <ClCompile Include="src\ofApp.cpp">
      <Filter>src</Filter>
    </ClCompile>
    <ClCompile Include="src\main.cpp">
      <Filter>src</Filter>
    </ClCompile>
    <ClCompile Include="src\Effect.cpp">
      <Filter>src</Filter>
    </ClCompile>
    <ClCompile Include="src\FileSelector.cpp">
      <Filter>src</Filter>
    </ClCompile>
    <ClCompile Include="src\Gui.cpp">
      <Filter>src</Filter>
    </ClCompile>
    <ClCompile Include="src\ImageLayer.cpp">
      <Filter>src</Filter>
    </ClCompile>
    <ClCompile Include="src\Layer.cpp">
      <Filter>src</Filter>
    </ClCompile>
    <ClCompile Include="src\LoadingScreen.cpp">
      <Filter>src</Filter>
    </ClCompile>
    <ClCompile Include="src\Mappable.cpp">
      <Filter>src</Filter>
    </ClCompile>
    <ClCompile Include="src\MidiController.cpp">
      <Filter>src</Filter>
    </ClCompile>
    <ClCompile Include="src\MidiMonitor.cpp">
      <Filter>src</Filter>
    </ClCompile>
    <ClCompile Include="src\Playable.cpp">
      <Filter>src</Filter>
    </ClCompile>
    <ClCompile Include="src\Scene.cpp">
      <Filter>src</Filter>
    </ClCompile>
    <ClCompile Include="src\Show.cpp">
      <Filter>src</Filter>
    </ClCompile>
    <ClCompile Include="src\Status.cpp">
      <Filter>src</Filter>
    </ClCompile>
    <ClCompile Include="src\VideoLayer.cpp">
      <Filter>src</Filter>
    </ClCompile>
    <ClCompile Include="src\VideoSelector.cpp">
      <Filter>src</Filter>
    </ClCompile>
    <ClCompile Include="src\base.cpp">
      <Filter>src</Filter>
    </ClCompile>
    <ClCompile Include="src\main.cpp">
      <Filter>src</Filter>
    </ClCompile>
    <ClCompile Include="src\meta.cpp">
      <Filter>src</Filter>
    </ClCompile>
    <ClCompile Include="src\ofApp.cpp">
      <Filter>src</Filter>
    </ClCompile>
    <ClCompile Include="src\utils.cpp">
      <Filter>src</Filter>
    </ClCompile>
    <ClCompile Include="..\..\..\addons\ofxDatGui\src\core\ofxDatGuiComponent.cpp">
      <Filter>addons\ofxDatGui\src\core</Filter>
    </ClCompile>
    <ClCompile Include="..\..\..\addons\ofxDatGui\src\libs\ofxSmartFont\ofxSmartFont.cpp">
      <Filter>addons\ofxDatGui\src\libs\ofxSmartFont</Filter>
    </ClCompile>
    <ClCompile Include="..\..\..\addons\ofxDatGui\src\ofxDatGui.cpp">
      <Filter>addons\ofxDatGui\src</Filter>
    </ClCompile>
    <ClCompile Include="..\..\..\addons\ofxMidi\src\desktop\ofxRtMidiIn.cpp">
      <Filter>addons\ofxMidi\src\desktop</Filter>
    </ClCompile>
    <ClCompile Include="..\..\..\addons\ofxMidi\src\desktop\ofxRtMidiOut.cpp">
      <Filter>addons\ofxMidi\src\desktop</Filter>
    </ClCompile>
    <ClCompile Include="..\..\..\addons\ofxMidi\src\ofxBaseMidi.cpp">
      <Filter>addons\ofxMidi\src</Filter>
    </ClCompile>
    <ClCompile Include="..\..\..\addons\ofxMidi\src\ofxMidi.cpp">
      <Filter>addons\ofxMidi\src</Filter>
    </ClCompile>
    <ClCompile Include="..\..\..\addons\ofxMidi\src\ofxMidiClock.cpp">
      <Filter>addons\ofxMidi\src</Filter>
    </ClCompile>
    <ClCompile Include="..\..\..\addons\ofxMidi\src\ofxMidiIn.cpp">
      <Filter>addons\ofxMidi\src</Filter>
    </ClCompile>
    <ClCompile Include="..\..\..\addons\ofxMidi\src\ofxMidiMessage.cpp">
      <Filter>addons\ofxMidi\src</Filter>
    </ClCompile>
    <ClCompile Include="..\..\..\addons\ofxMidi\src\ofxMidiOut.cpp">
      <Filter>addons\ofxMidi\src</Filter>
    </ClCompile>
    <ClCompile Include="..\..\..\addons\ofxMidi\src\ofxMidiTimecode.cpp">
      <Filter>addons\ofxMidi\src</Filter>
    </ClCompile>
    <ClCompile Include="..\..\..\addons\ofxMidi\libs\rtmidi\RtMidi.cpp">
      <Filter>addons\ofxMidi\libs\rtmidi</Filter>
    </ClCompile>
    <ClCompile Include="..\..\..\addons\ofxSpout\src\ofxSpout\Receiver.cpp">
      <Filter>addons\ofxSpout\src\ofxSpout</Filter>
    </ClCompile>
    <ClCompile Include="..\..\..\addons\ofxSpout\src\ofxSpout\Sender.cpp">
      <Filter>addons\ofxSpout\src\ofxSpout</Filter>
    </ClCompile>
    <ClCompile Include="..\..\..\addons\ofxSpout\src\ofxSpout\Utils.cpp">
      <Filter>addons\ofxSpout\src\ofxSpout</Filter>
    </ClCompile>
    <ClCompile Include="..\..\..\addons\ofxSpout\libs\SpoutSDK\src\SpoutCopy.cpp">
      <Filter>addons\ofxSpout\libs\SpoutSDK\src</Filter>
    </ClCompile>
    <ClCompile Include="..\..\..\addons\ofxSpout\libs\SpoutSDK\src\SpoutDirectX.cpp">
      <Filter>addons\ofxSpout\libs\SpoutSDK\src</Filter>
    </ClCompile>
    <ClCompile Include="..\..\..\addons\ofxSpout\libs\SpoutSDK\src\SpoutFrameCount.cpp">
      <Filter>addons\ofxSpout\libs\SpoutSDK\src</Filter>
    </ClCompile>
    <ClCompile Include="..\..\..\addons\ofxSpout\libs\SpoutSDK\src\SpoutGLDXinterop.cpp">
      <Filter>addons\ofxSpout\libs\SpoutSDK\src</Filter>
    </ClCompile>
    <ClCompile Include="..\..\..\addons\ofxSpout\libs\SpoutSDK\src\SpoutGLextensions.cpp">
      <Filter>addons\ofxSpout\libs\SpoutSDK\src</Filter>
    </ClCompile>
    <ClCompile Include="..\..\..\addons\ofxSpout\libs\SpoutSDK\src\SpoutMemoryShare.cpp">
      <Filter>addons\ofxSpout\libs\SpoutSDK\src</Filter>
    </ClCompile>
    <ClCompile Include="..\..\..\addons\ofxSpout\libs\SpoutSDK\src\SpoutReceiver.cpp">
      <Filter>addons\ofxSpout\libs\SpoutSDK\src</Filter>
    </ClCompile>
    <ClCompile Include="..\..\..\addons\ofxSpout\libs\SpoutSDK\src\SpoutSDK.cpp">
      <Filter>addons\ofxSpout\libs\SpoutSDK\src</Filter>
    </ClCompile>
    <ClCompile Include="..\..\..\addons\ofxSpout\libs\SpoutSDK\src\SpoutSender.cpp">
      <Filter>addons\ofxSpout\libs\SpoutSDK\src</Filter>
    </ClCompile>
    <ClCompile Include="..\..\..\addons\ofxSpout\libs\SpoutSDK\src\SpoutSenderNames.cpp">
      <Filter>addons\ofxSpout\libs\SpoutSDK\src</Filter>
    </ClCompile>
    <ClCompile Include="..\..\..\addons\ofxSpout\libs\SpoutSDK\src\SpoutSharedMemory.cpp">
      <Filter>addons\ofxSpout\libs\SpoutSDK\src</Filter>
    </ClCompile>
    <ClCompile Include="..\..\..\addons\ofxSpout\libs\SpoutSDK\src\SpoutUtils.cpp">
      <Filter>addons\ofxSpout\libs\SpoutSDK\src</Filter>
    </ClCompile>
    <ClCompile Include="..\..\..\addons\ofxXmlSettings\src\ofxXmlSettings.cpp">
      <Filter>addons\ofxXmlSettings\src</Filter>
    </ClCompile>
    <ClCompile Include="..\..\..\addons\ofxXmlSettings\libs\tinyxml.cpp">
      <Filter>addons\ofxXmlSettings\libs</Filter>
    </ClCompile>
    <ClCompile Include="..\..\..\addons\ofxXmlSettings\libs\tinyxmlerror.cpp">
      <Filter>addons\ofxXmlSettings\libs</Filter>
    </ClCompile>
    <ClCompile Include="..\..\..\addons\ofxXmlSettings\libs\tinyxmlparser.cpp">
      <Filter>addons\ofxXmlSettings\libs</Filter>
    </ClCompile>
  </ItemGroup>
  <ItemGroup>
    <Filter Include="src">
      <UniqueIdentifier>{d8376475-7454-4a24-b08a-aac121d3ad6f}</UniqueIdentifier>
    </Filter>
    <Filter Include="src\shaders">
      <UniqueIdentifier>{B449700B--BEB-B-48-ED-B-7DC-3207CADB2348}</UniqueIdentifier>
    </Filter>
    <Filter Include="addons">
      <UniqueIdentifier>{FF5EA1E3--1DF-D-4E-E4-9-207-A8D90C3BAB94}</UniqueIdentifier>
    </Filter>
    <Filter Include="addons\ofxDatGui">
      <UniqueIdentifier>{57E81960--46B-1-47-54-8-43D-88D5484B1ED8}</UniqueIdentifier>
    </Filter>
    <Filter Include="addons\ofxDatGui\src">
      <UniqueIdentifier>{4427A07A--A86-A-42-15-9-481-929AB350D3B0}</UniqueIdentifier>
    </Filter>
    <Filter Include="addons\ofxDatGui\src\components">
      <UniqueIdentifier>{5200ED4A--775-6-4A-45-A-B50-DA5E1F3E4202}</UniqueIdentifier>
    </Filter>
    <Filter Include="addons\ofxDatGui\src\core">
      <UniqueIdentifier>{FD9A840C--260-D-43-FA-A-D9A-BAB114C81E3B}</UniqueIdentifier>
    </Filter>
    <Filter Include="addons\ofxDatGui\src\libs">
      <UniqueIdentifier>{4D115BE3--37B-D-4C-DD-8-428-FE6D69F967ED}</UniqueIdentifier>
    </Filter>
    <Filter Include="addons\ofxDatGui\src\libs\ofxSmartFont">
      <UniqueIdentifier>{4DEF0E15--4BD-5-46-EE-9-B93-B130769AAD0E}</UniqueIdentifier>
    </Filter>
    <Filter Include="addons\ofxDatGui\src\themes">
      <UniqueIdentifier>{894CE398--65E-2-47-15-B-FD3-A966343BECC9}</UniqueIdentifier>
    </Filter>
    <Filter Include="addons\ofxMidi">
      <UniqueIdentifier>{3D7D42C8--A94-F-45-0F-A-749-2CF72052909F}</UniqueIdentifier>
    </Filter>
    <Filter Include="addons\ofxMidi\src">
      <UniqueIdentifier>{E71E78A8--B87-C-43-B6-9-665-149466732542}</UniqueIdentifier>
    </Filter>
    <Filter Include="addons\ofxMidi\src\desktop">
      <UniqueIdentifier>{94C75A72--464-A-4A-06-B-2F6-C98D7E3E433D}</UniqueIdentifier>
    </Filter>
    <Filter Include="addons\ofxMidi\libs">
      <UniqueIdentifier>{192131E0--814-A-47-60-8-40C-4FC731453B23}</UniqueIdentifier>
    </Filter>
    <Filter Include="addons\ofxMidi\libs\rtmidi">
      <UniqueIdentifier>{BD56873D--3A6-B-45-4E-8-8D9-BC3853B97C4F}</UniqueIdentifier>
    </Filter>
    <Filter Include="addons\ofxSpout">
      <UniqueIdentifier>{0C9A19E3--6BE-0-4E-FD-A-B81-DFAED449B9BD}</UniqueIdentifier>
    </Filter>
    <Filter Include="addons\ofxSpout\src">
      <UniqueIdentifier>{5F710B8B--4E0-E-4B-B2-9-1CC-14C8EF06137F}</UniqueIdentifier>
    </Filter>
    <Filter Include="addons\ofxSpout\src\ofxSpout">
      <UniqueIdentifier>{B7AEDBFC--526-2-45-D5-B-014-E47D86CD338F}</UniqueIdentifier>
    </Filter>
    <Filter Include="addons\ofxSpout\libs">
      <UniqueIdentifier>{84796D23--EC3-0-47-42-8-A1A-AECB05F14AA5}</UniqueIdentifier>
    </Filter>
    <Filter Include="addons\ofxSpout\libs\SpoutSDK">
      <UniqueIdentifier>{34BD720F--0A5-B-49-A7-A-0AA-DB9D6527A63A}</UniqueIdentifier>
    </Filter>
    <Filter Include="addons\ofxSpout\libs\SpoutSDK\src">
      <UniqueIdentifier>{4A5A4668--8AF-7-44-D3-B-4A4-836413FEFE5C}</UniqueIdentifier>
    </Filter>
    <Filter Include="addons\ofxXmlSettings">
      <UniqueIdentifier>{01F8A359--F7F-2-49-29-9-13C-43F13AEA4CF7}</UniqueIdentifier>
    </Filter>
    <Filter Include="addons\ofxXmlSettings\src">
      <UniqueIdentifier>{78FDCF7E--A24-F-4B-B7-A-B07-E3F6DD6C81AF}</UniqueIdentifier>
    </Filter>
    <Filter Include="addons\ofxXmlSettings\libs">
      <UniqueIdentifier>{B613C4BC--638-5-4B-2C-9-DBF-C778E13C13DC}</UniqueIdentifier>
    </Filter>
  </ItemGroup>
  <ItemGroup>
    <ClInclude Include="src\ofApp.h">
      <Filter>src</Filter>
    </ClInclude>
    <ClInclude Include="src\Effect.h">
      <Filter>src</Filter>
    </ClInclude>
    <ClInclude Include="src\FileSelector.h">
      <Filter>src</Filter>
    </ClInclude>
    <ClInclude Include="src\Gui.h">
      <Filter>src</Filter>
    </ClInclude>
    <ClInclude Include="src\ImageLayer.h">
      <Filter>src</Filter>
    </ClInclude>
    <ClInclude Include="src\Layer.h">
      <Filter>src</Filter>
    </ClInclude>
    <ClInclude Include="src\LoadingScreen.h">
      <Filter>src</Filter>
    </ClInclude>
    <ClInclude Include="src\Mappable.h">
      <Filter>src</Filter>
    </ClInclude>
    <ClInclude Include="src\MidiController.h">
      <Filter>src</Filter>
    </ClInclude>
    <ClInclude Include="src\MidiMonitor.h">
      <Filter>src</Filter>
    </ClInclude>
    <ClInclude Include="src\Playable.h">
      <Filter>src</Filter>
    </ClInclude>
    <ClInclude Include="src\Scene.h">
      <Filter>src</Filter>
    </ClInclude>
    <ClInclude Include="src\Show.h">
      <Filter>src</Filter>
    </ClInclude>
    <ClInclude Include="src\Status.h">
      <Filter>src</Filter>
    </ClInclude>
    <ClInclude Include="src\VideoLayer.h">
      <Filter>src</Filter>
    </ClInclude>
    <ClInclude Include="src\VideoSelector.h">
      <Filter>src</Filter>
    </ClInclude>
    <ClInclude Include="src\base.h">
      <Filter>src</Filter>
    </ClInclude>
    <ClInclude Include="src\meta.h">
      <Filter>src</Filter>
    </ClInclude>
    <ClInclude Include="src\ofApp.h">
      <Filter>src</Filter>
    </ClInclude>
    <ClInclude Include="src\utils.h">
      <Filter>src</Filter>
    </ClInclude>
    <ClInclude Include="..\..\..\addons\ofxDatGui\src\components\ofxDatGui2dPad.h">
      <Filter>addons\ofxDatGui\src\components</Filter>
    </ClInclude>
    <ClInclude Include="..\..\..\addons\ofxDatGui\src\components\ofxDatGuiButton.h">
      <Filter>addons\ofxDatGui\src\components</Filter>
    </ClInclude>
    <ClInclude Include="..\..\..\addons\ofxDatGui\src\components\ofxDatGuiColorPicker.h">
      <Filter>addons\ofxDatGui\src\components</Filter>
    </ClInclude>
    <ClInclude Include="..\..\..\addons\ofxDatGui\src\components\ofxDatGuiControls.h">
      <Filter>addons\ofxDatGui\src\components</Filter>
    </ClInclude>
    <ClInclude Include="..\..\..\addons\ofxDatGui\src\components\ofxDatGuiFRM.h">
      <Filter>addons\ofxDatGui\src\components</Filter>
    </ClInclude>
    <ClInclude Include="..\..\..\addons\ofxDatGui\src\components\ofxDatGuiGroups.h">
      <Filter>addons\ofxDatGui\src\components</Filter>
    </ClInclude>
    <ClInclude Include="..\..\..\addons\ofxDatGui\src\components\ofxDatGuiLabel.h">
      <Filter>addons\ofxDatGui\src\components</Filter>
    </ClInclude>
    <ClInclude Include="..\..\..\addons\ofxDatGui\src\components\ofxDatGuiMatrix.h">
      <Filter>addons\ofxDatGui\src\components</Filter>
    </ClInclude>
    <ClInclude Include="..\..\..\addons\ofxDatGui\src\components\ofxDatGuiScrollView.h">
      <Filter>addons\ofxDatGui\src\components</Filter>
    </ClInclude>
    <ClInclude Include="..\..\..\addons\ofxDatGui\src\components\ofxDatGuiSlider.h">
      <Filter>addons\ofxDatGui\src\components</Filter>
    </ClInclude>
    <ClInclude Include="..\..\..\addons\ofxDatGui\src\components\ofxDatGuiTextInput.h">
      <Filter>addons\ofxDatGui\src\components</Filter>
    </ClInclude>
    <ClInclude Include="..\..\..\addons\ofxDatGui\src\components\ofxDatGuiTextInputField.h">
      <Filter>addons\ofxDatGui\src\components</Filter>
    </ClInclude>
    <ClInclude Include="..\..\..\addons\ofxDatGui\src\components\ofxDatGuiTimeGraph.h">
      <Filter>addons\ofxDatGui\src\components</Filter>
    </ClInclude>
    <ClInclude Include="..\..\..\addons\ofxDatGui\src\core\ofxDatGuiComponent.h">
      <Filter>addons\ofxDatGui\src\core</Filter>
    </ClInclude>
    <ClInclude Include="..\..\..\addons\ofxDatGui\src\core\ofxDatGuiConstants.h">
      <Filter>addons\ofxDatGui\src\core</Filter>
    </ClInclude>
    <ClInclude Include="..\..\..\addons\ofxDatGui\src\core\ofxDatGuiEvents.h">
      <Filter>addons\ofxDatGui\src\core</Filter>
    </ClInclude>
    <ClInclude Include="..\..\..\addons\ofxDatGui\src\core\ofxDatGuiIntObject.h">
      <Filter>addons\ofxDatGui\src\core</Filter>
    </ClInclude>
    <ClInclude Include="..\..\..\addons\ofxDatGui\src\libs\ofxSmartFont\ofxSmartFont.h">
      <Filter>addons\ofxDatGui\src\libs\ofxSmartFont</Filter>
    </ClInclude>
    <ClInclude Include="..\..\..\addons\ofxDatGui\src\ofxDatGui.h">
      <Filter>addons\ofxDatGui\src</Filter>
    </ClInclude>
    <ClInclude Include="..\..\..\addons\ofxDatGui\src\themes\ofxDatGuiTheme.h">
      <Filter>addons\ofxDatGui\src\themes</Filter>
    </ClInclude>
    <ClInclude Include="..\..\..\addons\ofxDatGui\src\themes\ofxDatGuiThemes.h">
      <Filter>addons\ofxDatGui\src\themes</Filter>
    </ClInclude>
    <ClInclude Include="..\..\..\addons\ofxMidi\src\desktop\ofxRtMidiIn.h">
      <Filter>addons\ofxMidi\src\desktop</Filter>
    </ClInclude>
    <ClInclude Include="..\..\..\addons\ofxMidi\src\desktop\ofxRtMidiOut.h">
      <Filter>addons\ofxMidi\src\desktop</Filter>
    </ClInclude>
    <ClInclude Include="..\..\..\addons\ofxMidi\src\ofxBaseMidi.h">
      <Filter>addons\ofxMidi\src</Filter>
    </ClInclude>
    <ClInclude Include="..\..\..\addons\ofxMidi\src\ofxMidi.h">
      <Filter>addons\ofxMidi\src</Filter>
    </ClInclude>
    <ClInclude Include="..\..\..\addons\ofxMidi\src\ofxMidiClock.h">
      <Filter>addons\ofxMidi\src</Filter>
    </ClInclude>
    <ClInclude Include="..\..\..\addons\ofxMidi\src\ofxMidiConstants.h">
      <Filter>addons\ofxMidi\src</Filter>
    </ClInclude>
    <ClInclude Include="..\..\..\addons\ofxMidi\src\ofxMidiIn.h">
      <Filter>addons\ofxMidi\src</Filter>
    </ClInclude>
    <ClInclude Include="..\..\..\addons\ofxMidi\src\ofxMidiMessage.h">
      <Filter>addons\ofxMidi\src</Filter>
    </ClInclude>
    <ClInclude Include="..\..\..\addons\ofxMidi\src\ofxMidiOut.h">
      <Filter>addons\ofxMidi\src</Filter>
    </ClInclude>
    <ClInclude Include="..\..\..\addons\ofxMidi\src\ofxMidiTimecode.h">
      <Filter>addons\ofxMidi\src</Filter>
    </ClInclude>
    <ClInclude Include="..\..\..\addons\ofxMidi\src\ofxMidiTypes.h">
      <Filter>addons\ofxMidi\src</Filter>
    </ClInclude>
    <ClInclude Include="..\..\..\addons\ofxMidi\libs\rtmidi\RtMidi.h">
      <Filter>addons\ofxMidi\libs\rtmidi</Filter>
    </ClInclude>
    <ClInclude Include="..\..\..\addons\ofxSpout\src\ofxSpout\Receiver.h">
      <Filter>addons\ofxSpout\src\ofxSpout</Filter>
    </ClInclude>
    <ClInclude Include="..\..\..\addons\ofxSpout\src\ofxSpout\Sender.h">
      <Filter>addons\ofxSpout\src\ofxSpout</Filter>
    </ClInclude>
    <ClInclude Include="..\..\..\addons\ofxSpout\src\ofxSpout\Utils.h">
      <Filter>addons\ofxSpout\src\ofxSpout</Filter>
    </ClInclude>
    <ClInclude Include="..\..\..\addons\ofxSpout\src\ofxSpout.h">
      <Filter>addons\ofxSpout\src</Filter>
    </ClInclude>
    <ClInclude Include="..\..\..\addons\ofxSpout\libs\SpoutSDK\src\Spout.h">
      <Filter>addons\ofxSpout\libs\SpoutSDK\src</Filter>
    </ClInclude>
    <ClInclude Include="..\..\..\addons\ofxSpout\libs\SpoutSDK\src\SpoutCommon.h">
      <Filter>addons\ofxSpout\libs\SpoutSDK\src</Filter>
    </ClInclude>
    <ClInclude Include="..\..\..\addons\ofxSpout\libs\SpoutSDK\src\SpoutCopy.h">
      <Filter>addons\ofxSpout\libs\SpoutSDK\src</Filter>
    </ClInclude>
    <ClInclude Include="..\..\..\addons\ofxSpout\libs\SpoutSDK\src\SpoutDirectX.h">
      <Filter>addons\ofxSpout\libs\SpoutSDK\src</Filter>
    </ClInclude>
    <ClInclude Include="..\..\..\addons\ofxSpout\libs\SpoutSDK\src\SpoutFrameCount.h">
      <Filter>addons\ofxSpout\libs\SpoutSDK\src</Filter>
    </ClInclude>
    <ClInclude Include="..\..\..\addons\ofxSpout\libs\SpoutSDK\src\SpoutGLDXinterop.h">
      <Filter>addons\ofxSpout\libs\SpoutSDK\src</Filter>
    </ClInclude>
    <ClInclude Include="..\..\..\addons\ofxSpout\libs\SpoutSDK\src\SpoutGLextensions.h">
      <Filter>addons\ofxSpout\libs\SpoutSDK\src</Filter>
    </ClInclude>
    <ClInclude Include="..\..\..\addons\ofxSpout\libs\SpoutSDK\src\SpoutMemoryShare.h">
      <Filter>addons\ofxSpout\libs\SpoutSDK\src</Filter>
    </ClInclude>
    <ClInclude Include="..\..\..\addons\ofxSpout\libs\SpoutSDK\src\SpoutReceiver.h">
      <Filter>addons\ofxSpout\libs\SpoutSDK\src</Filter>
    </ClInclude>
    <ClInclude Include="..\..\..\addons\ofxSpout\libs\SpoutSDK\src\SpoutSDK.h">
      <Filter>addons\ofxSpout\libs\SpoutSDK\src</Filter>
    </ClInclude>
    <ClInclude Include="..\..\..\addons\ofxSpout\libs\SpoutSDK\src\SpoutSender.h">
      <Filter>addons\ofxSpout\libs\SpoutSDK\src</Filter>
    </ClInclude>
    <ClInclude Include="..\..\..\addons\ofxSpout\libs\SpoutSDK\src\SpoutSenderNames.h">
      <Filter>addons\ofxSpout\libs\SpoutSDK\src</Filter>
    </ClInclude>
    <ClInclude Include="..\..\..\addons\ofxSpout\libs\SpoutSDK\src\SpoutSharedMemory.h">
      <Filter>addons\ofxSpout\libs\SpoutSDK\src</Filter>
    </ClInclude>
    <ClInclude Include="..\..\..\addons\ofxSpout\libs\SpoutSDK\src\SpoutUtils.h">
      <Filter>addons\ofxSpout\libs\SpoutSDK\src</Filter>
    </ClInclude>
    <ClInclude Include="..\..\..\addons\ofxXmlSettings\src\ofxXmlSettings.h">
      <Filter>addons\ofxXmlSettings\src</Filter>
    </ClInclude>
    <ClInclude Include="..\..\..\addons\ofxXmlSettings\libs\tinyxml.h">
      <Filter>addons\ofxXmlSettings\libs</Filter>
    </ClInclude>
    <ClInclude Include="resource.h" />
  </ItemGroup>
  <ItemGroup>
    <ResourceCompile Include="icon.rc" />
  </ItemGroup>
  <ItemGroup>
    <Image Include="appicon.ico" />
  </ItemGroup>
</Project>