<?xml version="1.0" encoding="utf-8"?>
<Project ToolsVersion="4.0" xmlns="http://schemas.microsoft.com/developer/msbuild/2003">
  <ItemGroup>
    <ClCompile Include="src\ofApp.cpp">
      <Filter>src</Filter>
    </ClCompile>
    <ClCompile Include="src\main.cpp">
      <Filter>src</Filter>
    </ClCompile>
    <ClCompile Include="src\Effect.cpp">
      <Filter>src</Filter>
    </ClCompile>
    <ClCompile Include="src\FileSelector.cpp">
      <Filter>src</Filter>
    </ClCompile>
    <ClCompile Include="src\Gui.cpp">
      <Filter>src</Filter>
    </ClCompile>
    <ClCompile Include="src\ImageLayer.cpp">
      <Filter>src</Filter>
    </ClCompile>
    <ClCompile Include="src\Layer.cpp">
      <Filter>src</Filter>
    </ClCompile>
    <ClCompile Include="src\LoadingScreen.cpp">
      <Filter>src</Filter>
    </ClCompile>
    <ClCompile Include="src\Mappable.cpp">
      <Filter>src</Filter>
    </ClCompile>
    <ClCompile Include="src\MidiController.cpp">
      <Filter>src</Filter>
    </ClCompile>
    <ClCompile Include="src\MidiMonitor.cpp">
      <Filter>src</Filter>
    </ClCompile>
    <ClCompile Include="src\Playable.cpp">
      <Filter>src</Filter>
    </ClCompile>
    <ClCompile Include="src\Scene.cpp">
      <Filter>src</Filter>
    </ClCompile>
    <ClCompile Include="src\Show.cpp">
      <Filter>src</Filter>
    </ClCompile>
    <ClCompile Include="src\Status.cpp">
      <Filter>src</Filter>
    </ClCompile>
    <ClCompile Include="src\VideoLayer.cpp">
      <Filter>src</Filter>
    </ClCompile>
    <ClCompile Include="src\VideoSelector.cpp">
      <Filter>src</Filter>
    </ClCompile>
    <ClCompile Include="src\base.cpp">
      <Filter>src</Filter>
    </ClCompile>
    <ClCompile Include="src\main.cpp">
      <Filter>src</Filter>
    </ClCompile>
    <ClCompile Include="src\meta.cpp">
      <Filter>src</Filter>
    </ClCompile>
    <ClCompile Include="src\ofApp.cpp">
      <Filter>src</Filter>
    </ClCompile>
    <ClCompile Include="src\utils.cpp">
      <Filter>src</Filter>
    </ClCompile>
    <ClCompile Include="..\..\..\addons\ofxArgs\src\ofxArgs.cpp">
      <Filter>addons\ofxArgs\src</Filter>
    </ClCompile>
    <ClCompile Include="..\..\..\addons\ofxDatGui\src\core\ofxDatGuiComponent.cpp">
      <Filter>addons\ofxDatGui\src\core</Filter>
    </ClCompile>
    <ClCompile Include="..\..\..\addons\ofxDatGui\src\libs\ofxSmartFont\ofxSmartFont.cpp">
      <Filter>addons\ofxDatGui\src\libs\ofxSmartFont</Filter>
    </ClCompile>
    <ClCompile Include="..\..\..\addons\ofxDatGui\src\ofxDatGui.cpp">
      <Filter>addons\ofxDatGui\src</Filter>
    </ClCompile>
    <ClCompile Include="..\..\..\addons\ofxMidi\src\desktop\ofxRtMidiIn.cpp">
      <Filter>addons\ofxMidi\src\desktop</Filter>
    </ClCompile>
    <ClCompile Include="..\..\..\addons\ofxMidi\src\desktop\ofxRtMidiOut.cpp">
      <Filter>addons\ofxMidi\src\desktop</Filter>
    </ClCompile>
    <ClCompile Include="..\..\..\addons\ofxMidi\src\ofxBaseMidi.cpp">
      <Filter>addons\ofxMidi\src</Filter>
    </ClCompile>
    <ClCompile Include="..\..\..\addons\ofxMidi\src\ofxMidi.cpp">
      <Filter>addons\ofxMidi\src</Filter>
    </ClCompile>
    <ClCompile Include="..\..\..\addons\ofxMidi\src\ofxMidiClock.cpp">
      <Filter>addons\ofxMidi\src</Filter>
    </ClCompile>
    <ClCompile Include="..\..\..\addons\ofxMidi\src\ofxMidiIn.cpp">
      <Filter>addons\ofxMidi\src</Filter>
    </ClCompile>
    <ClCompile Include="..\..\..\addons\ofxMidi\src\ofxMidiMessage.cpp">
      <Filter>addons\ofxMidi\src</Filter>
    </ClCompile>
    <ClCompile Include="..\..\..\addons\ofxMidi\src\ofxMidiOut.cpp">
      <Filter>addons\ofxMidi\src</Filter>
    </ClCompile>
    <ClCompile Include="..\..\..\addons\ofxMidi\src\ofxMidiTimecode.cpp">
      <Filter>addons\ofxMidi\src</Filter>
    </ClCompile>
    <ClCompile Include="..\..\..\addons\ofxMidi\libs\rtmidi\RtMidi.cpp">
      <Filter>addons\ofxMidi\libs\rtmidi</Filter>
    </ClCompile>
    <ClCompile Include="..\..\..\addons\ofxSpout\src\ofxSpout\Receiver.cpp">
      <Filter>addons\ofxSpout\src\ofxSpout</Filter>
    </ClCompile>
    <ClCompile Include="..\..\..\addons\ofxSpout\src\ofxSpout\Sender.cpp">
      <Filter>addons\ofxSpout\src\ofxSpout</Filter>
    </ClCompile>
    <ClCompile Include="..\..\..\addons\ofxSpout\src\ofxSpout\Utils.cpp">
      <Filter>addons\ofxSpout\src\ofxSpout</Filter>
    </ClCompile>
    <ClCompile Include="..\..\..\addons\ofxSpout\libs\SpoutSDK\src\SpoutCopy.cpp">
      <Filter>addons\ofxSpout\libs\SpoutSDK\src</Filter>
    </ClCompile>
    <ClCompile Include="..\..\..\addons\ofxSpout\libs\SpoutSDK\src\SpoutDirectX.cpp">
      <Filter>addons\ofxSpout\libs\SpoutSDK\src</Filter>
    </ClCompile>
    <ClCompile Include="..\..\..\addons\ofxSpout\libs\SpoutSDK\src\SpoutFrameCount.cpp">
      <Filter>addons\ofxSpout\libs\SpoutSDK\src</Filter>
    </ClCompile>
    <ClCompile Include="..\..\..\addons\ofxSpout\libs\SpoutSDK\src\SpoutGLDXinterop.cpp">
      <Filter>addons\ofxSpout\libs\SpoutSDK\src</Filter>
    </ClCompile>
    <ClCompile Include="..\..\..\addons\ofxSpout\libs\SpoutSDK\src\SpoutGLextensions.cpp">
      <Filter>addons\ofxSpout\libs\SpoutSDK\src</Filter>
    </ClCompile>
    <ClCompile Include="..\..\..\addons\ofxSpout\libs\SpoutSDK\src\SpoutMemoryShare.cpp">
      <Filter>addons\ofxSpout\libs\SpoutSDK\src</Filter>
    </ClCompile>
    <ClCompile Include="..\..\..\addons\ofxSpout\libs\SpoutSDK\src\SpoutReceiver.cpp">
      <Filter>addons\ofxSpout\libs\SpoutSDK\src</Filter>
    </ClCompile>
    <ClCompile Include="..\..\..\addons\ofxSpout\libs\SpoutSDK\src\SpoutSDK.cpp">
      <Filter>addons\ofxSpout\libs\SpoutSDK\src</Filter>
    </ClCompile>
    <ClCompile Include="..\..\..\addons\ofxSpout\libs\SpoutSDK\src\SpoutSender.cpp">
      <Filter>addons\ofxSpout\libs\SpoutSDK\src</Filter>
    </ClCompile>
    <ClCompile Include="..\..\..\addons\ofxSpout\libs\SpoutSDK\src\SpoutSenderNames.cpp">
      <Filter>addons\ofxSpout\libs\SpoutSDK\src</Filter>
    </ClCompile>
    <ClCompile Include="..\..\..\addons\ofxSpout\libs\SpoutSDK\src\SpoutSharedMemory.cpp">
      <Filter>addons\ofxSpout\libs\SpoutSDK\src</Filter>
    </ClCompile>
    <ClCompile Include="..\..\..\addons\ofxSpout\libs\SpoutSDK\src\SpoutUtils.cpp">
      <Filter>addons\ofxSpout\libs\SpoutSDK\src</Filter>
    </ClCompile>
    <ClCompile Include="..\..\..\addons\ofxXmlSettings\src\ofxXmlSettings.cpp">
      <Filter>addons\ofxXmlSettings\src</Filter>
    </ClCompile>
    <ClCompile Include="..\..\..\addons\ofxXmlSettings\libs\tinyxml.cpp">
      <Filter>addons\ofxXmlSettings\libs</Filter>
    </ClCompile>
    <ClCompile Include="..\..\..\addons\ofxXmlSettings\libs\tinyxmlerror.cpp">
      <Filter>addons\ofxXmlSettings\libs</Filter>
    </ClCompile>
    <ClCompile Include="..\..\..\addons\ofxXmlSettings\libs\tinyxmlparser.cpp">
      <Filter>addons\ofxXmlSettings\libs</Filter>
    </ClCompile>
  </ItemGroup>
  <ItemGroup>
    <Filter Include="src">
      <UniqueIdentifier>{d8376475-7454-4a24-b08a-aac121d3ad6f}</UniqueIdentifier>
    </Filter>
    <Filter Include="src\shaders">
      <UniqueIdentifier>{7137D744--9AA-0-40-7A-A-610-FC662EEFFCB5}</UniqueIdentifier>
    </Filter>
    <Filter Include="addons">
      <UniqueIdentifier>{4899FAF7--31C-4-45-7A-A-66C-75459581032D}</UniqueIdentifier>
    </Filter>
    <Filter Include="addons\ofxArgs">
      <UniqueIdentifier>{5FFC8069--0AE-7-4F-DB-9-9FD-D6D88384B407}</UniqueIdentifier>
    </Filter>
    <Filter Include="addons\ofxArgs\src">
      <UniqueIdentifier>{9E674B7C--EC6-6-44-F8-B-4E1-1A2CE991D6C5}</UniqueIdentifier>
    </Filter>
    <Filter Include="addons\ofxDatGui">
      <UniqueIdentifier>{067804A9--F94-2-48-66-9-A65-93AAED2C3A91}</UniqueIdentifier>
    </Filter>
    <Filter Include="addons\ofxDatGui\src">
      <UniqueIdentifier>{D3A8ADA5--E80-7-4F-18-A-BE8-5140C4635E9D}</UniqueIdentifier>
    </Filter>
    <Filter Include="addons\ofxDatGui\src\components">
      <UniqueIdentifier>{B426C2B0--131-F-4E-3A-8-22A-637A1A00F5BE}</UniqueIdentifier>
    </Filter>
    <Filter Include="addons\ofxDatGui\src\core">
      <UniqueIdentifier>{659D6B4E--C0A-F-4B-EA-8-231-9761053EAB44}</UniqueIdentifier>
    </Filter>
    <Filter Include="addons\ofxDatGui\src\libs">
      <UniqueIdentifier>{66DDE4A4--261-D-4A-EB-9-1D5-1789F7B8AB87}</UniqueIdentifier>
    </Filter>
    <Filter Include="addons\ofxDatGui\src\libs\ofxSmartFont">
      <UniqueIdentifier>{749EB458--527-4-47-52-B-2BE-CA56E40ED7A8}</UniqueIdentifier>
    </Filter>
    <Filter Include="addons\ofxDatGui\src\themes">
      <UniqueIdentifier>{A884EF9B--A80-9-47-76-B-FCA-4A0F6238E709}</UniqueIdentifier>
    </Filter>
    <Filter Include="addons\ofxMidi">
      <UniqueIdentifier>{9681E565--467-E-4C-0D-9-6C5-1564973C5C4E}</UniqueIdentifier>
    </Filter>
    <Filter Include="addons\ofxMidi\src">
      <UniqueIdentifier>{B9EC761D--2E9-5-43-66-B-07E-C902BF92ED2A}</UniqueIdentifier>
    </Filter>
    <Filter Include="addons\ofxMidi\src\desktop">
      <UniqueIdentifier>{3632113D--40F-4-42-26-B-C84-A90B22FA0B53}</UniqueIdentifier>
    </Filter>
    <Filter Include="addons\ofxMidi\libs">
      <UniqueIdentifier>{B3C63493--DF6-2-47-B7-B-939-8939E0CE9C24}</UniqueIdentifier>
    </Filter>
    <Filter Include="addons\ofxMidi\libs\rtmidi">
      <UniqueIdentifier>{053DC022--729-0-48-0D-B-2AA-D2CD7BBB47D1}</UniqueIdentifier>
    </Filter>
    <Filter Include="addons\ofxSpout">
      <UniqueIdentifier>{E3D96A7A--350-7-47-25-9-D38-FBD9E6B6E0B4}</UniqueIdentifier>
    </Filter>
    <Filter Include="addons\ofxSpout\src">
      <UniqueIdentifier>{7F84E74C--F04-D-41-4F-A-1F5-17F458BBE283}</UniqueIdentifier>
    </Filter>
    <Filter Include="addons\ofxSpout\src\ofxSpout">
      <UniqueIdentifier>{A48B91E2--6BC-1-46-77-B-E90-2656C9502A97}</UniqueIdentifier>
    </Filter>
    <Filter Include="addons\ofxSpout\libs">
      <UniqueIdentifier>{6D08569A--086-9-46-13-8-CF5-38A3A1C04BCF}</UniqueIdentifier>
    </Filter>
    <Filter Include="addons\ofxSpout\libs\SpoutSDK">
      <UniqueIdentifier>{43734920--2AA-6-42-87-9-0A5-0C1E41FA74A8}</UniqueIdentifier>
    </Filter>
    <Filter Include="addons\ofxSpout\libs\SpoutSDK\src">
      <UniqueIdentifier>{F4D1D247--623-D-46-CA-B-5CB-5250920E4A38}</UniqueIdentifier>
    </Filter>
    <Filter Include="addons\ofxXmlSettings">
      <UniqueIdentifier>{FD0DCBF0--46F-E-42-13-B-3E3-3BB9CD5C8A2A}</UniqueIdentifier>
    </Filter>
    <Filter Include="addons\ofxXmlSettings\src">
      <UniqueIdentifier>{B6BCDE0E--B4E-D-48-18-8-BCB-A3B6AF4A2388}</UniqueIdentifier>
    </Filter>
    <Filter Include="addons\ofxXmlSettings\libs">
      <UniqueIdentifier>{3BCEC465--096-A-45-05-9-92C-1911B66828B0}</UniqueIdentifier>
    </Filter>
  </ItemGroup>
  <ItemGroup>
    <ClInclude Include="src\ofApp.h">
      <Filter>src</Filter>
    </ClInclude>
    <ClInclude Include="src\Effect.h">
      <Filter>src</Filter>
    </ClInclude>
    <ClInclude Include="src\FileSelector.h">
      <Filter>src</Filter>
    </ClInclude>
    <ClInclude Include="src\Gui.h">
      <Filter>src</Filter>
    </ClInclude>
    <ClInclude Include="src\ImageLayer.h">
      <Filter>src</Filter>
    </ClInclude>
    <ClInclude Include="src\Layer.h">
      <Filter>src</Filter>
    </ClInclude>
    <ClInclude Include="src\LoadingScreen.h">
      <Filter>src</Filter>
    </ClInclude>
    <ClInclude Include="src\Mappable.h">
      <Filter>src</Filter>
    </ClInclude>
    <ClInclude Include="src\MidiController.h">
      <Filter>src</Filter>
    </ClInclude>
    <ClInclude Include="src\MidiMonitor.h">
      <Filter>src</Filter>
    </ClInclude>
    <ClInclude Include="src\Playable.h">
      <Filter>src</Filter>
    </ClInclude>
    <ClInclude Include="src\Scene.h">
      <Filter>src</Filter>
    </ClInclude>
    <ClInclude Include="src\Show.h">
      <Filter>src</Filter>
    </ClInclude>
    <ClInclude Include="src\Status.h">
      <Filter>src</Filter>
    </ClInclude>
    <ClInclude Include="src\VideoLayer.h">
      <Filter>src</Filter>
    </ClInclude>
    <ClInclude Include="src\VideoSelector.h">
      <Filter>src</Filter>
    </ClInclude>
    <ClInclude Include="src\base.h">
      <Filter>src</Filter>
    </ClInclude>
    <ClInclude Include="src\meta.h">
      <Filter>src</Filter>
    </ClInclude>
    <ClInclude Include="src\ofApp.h">
      <Filter>src</Filter>
    </ClInclude>
    <ClInclude Include="src\utils.h">
      <Filter>src</Filter>
    </ClInclude>
    <ClInclude Include="..\..\..\addons\ofxArgs\src\ofxArgs.h">
      <Filter>addons\ofxArgs\src</Filter>
    </ClInclude>
    <ClInclude Include="..\..\..\addons\ofxDatGui\src\components\ofxDatGui2dPad.h">
      <Filter>addons\ofxDatGui\src\components</Filter>
    </ClInclude>
    <ClInclude Include="..\..\..\addons\ofxDatGui\src\components\ofxDatGuiButton.h">
      <Filter>addons\ofxDatGui\src\components</Filter>
    </ClInclude>
    <ClInclude Include="..\..\..\addons\ofxDatGui\src\components\ofxDatGuiColorPicker.h">
      <Filter>addons\ofxDatGui\src\components</Filter>
    </ClInclude>
    <ClInclude Include="..\..\..\addons\ofxDatGui\src\components\ofxDatGuiControls.h">
      <Filter>addons\ofxDatGui\src\components</Filter>
    </ClInclude>
    <ClInclude Include="..\..\..\addons\ofxDatGui\src\components\ofxDatGuiFRM.h">
      <Filter>addons\ofxDatGui\src\components</Filter>
    </ClInclude>
    <ClInclude Include="..\..\..\addons\ofxDatGui\src\components\ofxDatGuiGroups.h">
      <Filter>addons\ofxDatGui\src\components</Filter>
    </ClInclude>
    <ClInclude Include="..\..\..\addons\ofxDatGui\src\components\ofxDatGuiLabel.h">
      <Filter>addons\ofxDatGui\src\components</Filter>
    </ClInclude>
    <ClInclude Include="..\..\..\addons\ofxDatGui\src\components\ofxDatGuiMatrix.h">
      <Filter>addons\ofxDatGui\src\components</Filter>
    </ClInclude>
    <ClInclude Include="..\..\..\addons\ofxDatGui\src\components\ofxDatGuiScrollView.h">
      <Filter>addons\ofxDatGui\src\components</Filter>
    </ClInclude>
    <ClInclude Include="..\..\..\addons\ofxDatGui\src\components\ofxDatGuiSlider.h">
      <Filter>addons\ofxDatGui\src\components</Filter>
    </ClInclude>
    <ClInclude Include="..\..\..\addons\ofxDatGui\src\components\ofxDatGuiTextInput.h">
      <Filter>addons\ofxDatGui\src\components</Filter>
    </ClInclude>
    <ClInclude Include="..\..\..\addons\ofxDatGui\src\components\ofxDatGuiTextInputField.h">
      <Filter>addons\ofxDatGui\src\components</Filter>
    </ClInclude>
    <ClInclude Include="..\..\..\addons\ofxDatGui\src\components\ofxDatGuiTimeGraph.h">
      <Filter>addons\ofxDatGui\src\components</Filter>
    </ClInclude>
    <ClInclude Include="..\..\..\addons\ofxDatGui\src\core\ofxDatGuiComponent.h">
      <Filter>addons\ofxDatGui\src\core</Filter>
    </ClInclude>
    <ClInclude Include="..\..\..\addons\ofxDatGui\src\core\ofxDatGuiConstants.h">
      <Filter>addons\ofxDatGui\src\core</Filter>
    </ClInclude>
    <ClInclude Include="..\..\..\addons\ofxDatGui\src\core\ofxDatGuiEvents.h">
      <Filter>addons\ofxDatGui\src\core</Filter>
    </ClInclude>
    <ClInclude Include="..\..\..\addons\ofxDatGui\src\core\ofxDatGuiIntObject.h">
      <Filter>addons\ofxDatGui\src\core</Filter>
    </ClInclude>
    <ClInclude Include="..\..\..\addons\ofxDatGui\src\libs\ofxSmartFont\ofxSmartFont.h">
      <Filter>addons\ofxDatGui\src\libs\ofxSmartFont</Filter>
    </ClInclude>
    <ClInclude Include="..\..\..\addons\ofxDatGui\src\ofxDatGui.h">
      <Filter>addons\ofxDatGui\src</Filter>
    </ClInclude>
    <ClInclude Include="..\..\..\addons\ofxDatGui\src\themes\ofxDatGuiTheme.h">
      <Filter>addons\ofxDatGui\src\themes</Filter>
    </ClInclude>
    <ClInclude Include="..\..\..\addons\ofxDatGui\src\themes\ofxDatGuiThemes.h">
      <Filter>addons\ofxDatGui\src\themes</Filter>
    </ClInclude>
    <ClInclude Include="..\..\..\addons\ofxMidi\src\desktop\ofxRtMidiIn.h">
      <Filter>addons\ofxMidi\src\desktop</Filter>
    </ClInclude>
    <ClInclude Include="..\..\..\addons\ofxMidi\src\desktop\ofxRtMidiOut.h">
      <Filter>addons\ofxMidi\src\desktop</Filter>
    </ClInclude>
    <ClInclude Include="..\..\..\addons\ofxMidi\src\ofxBaseMidi.h">
      <Filter>addons\ofxMidi\src</Filter>
    </ClInclude>
    <ClInclude Include="..\..\..\addons\ofxMidi\src\ofxMidi.h">
      <Filter>addons\ofxMidi\src</Filter>
    </ClInclude>
    <ClInclude Include="..\..\..\addons\ofxMidi\src\ofxMidiClock.h">
      <Filter>addons\ofxMidi\src</Filter>
    </ClInclude>
    <ClInclude Include="..\..\..\addons\ofxMidi\src\ofxMidiConstants.h">
      <Filter>addons\ofxMidi\src</Filter>
    </ClInclude>
    <ClInclude Include="..\..\..\addons\ofxMidi\src\ofxMidiIn.h">
      <Filter>addons\ofxMidi\src</Filter>
    </ClInclude>
    <ClInclude Include="..\..\..\addons\ofxMidi\src\ofxMidiMessage.h">
      <Filter>addons\ofxMidi\src</Filter>
    </ClInclude>
    <ClInclude Include="..\..\..\addons\ofxMidi\src\ofxMidiOut.h">
      <Filter>addons\ofxMidi\src</Filter>
    </ClInclude>
    <ClInclude Include="..\..\..\addons\ofxMidi\src\ofxMidiTimecode.h">
      <Filter>addons\ofxMidi\src</Filter>
    </ClInclude>
    <ClInclude Include="..\..\..\addons\ofxMidi\src\ofxMidiTypes.h">
      <Filter>addons\ofxMidi\src</Filter>
    </ClInclude>
    <ClInclude Include="..\..\..\addons\ofxMidi\libs\rtmidi\RtMidi.h">
      <Filter>addons\ofxMidi\libs\rtmidi</Filter>
    </ClInclude>
    <ClInclude Include="..\..\..\addons\ofxSpout\src\ofxSpout\Receiver.h">
      <Filter>addons\ofxSpout\src\ofxSpout</Filter>
    </ClInclude>
    <ClInclude Include="..\..\..\addons\ofxSpout\src\ofxSpout\Sender.h">
      <Filter>addons\ofxSpout\src\ofxSpout</Filter>
    </ClInclude>
    <ClInclude Include="..\..\..\addons\ofxSpout\src\ofxSpout\Utils.h">
      <Filter>addons\ofxSpout\src\ofxSpout</Filter>
    </ClInclude>
    <ClInclude Include="..\..\..\addons\ofxSpout\src\ofxSpout.h">
      <Filter>addons\ofxSpout\src</Filter>
    </ClInclude>
    <ClInclude Include="..\..\..\addons\ofxSpout\libs\SpoutSDK\src\Spout.h">
      <Filter>addons\ofxSpout\libs\SpoutSDK\src</Filter>
    </ClInclude>
    <ClInclude Include="..\..\..\addons\ofxSpout\libs\SpoutSDK\src\SpoutCommon.h">
      <Filter>addons\ofxSpout\libs\SpoutSDK\src</Filter>
    </ClInclude>
    <ClInclude Include="..\..\..\addons\ofxSpout\libs\SpoutSDK\src\SpoutCopy.h">
      <Filter>addons\ofxSpout\libs\SpoutSDK\src</Filter>
    </ClInclude>
    <ClInclude Include="..\..\..\addons\ofxSpout\libs\SpoutSDK\src\SpoutDirectX.h">
      <Filter>addons\ofxSpout\libs\SpoutSDK\src</Filter>
    </ClInclude>
    <ClInclude Include="..\..\..\addons\ofxSpout\libs\SpoutSDK\src\SpoutFrameCount.h">
      <Filter>addons\ofxSpout\libs\SpoutSDK\src</Filter>
    </ClInclude>
    <ClInclude Include="..\..\..\addons\ofxSpout\libs\SpoutSDK\src\SpoutGLDXinterop.h">
      <Filter>addons\ofxSpout\libs\SpoutSDK\src</Filter>
    </ClInclude>
    <ClInclude Include="..\..\..\addons\ofxSpout\libs\SpoutSDK\src\SpoutGLextensions.h">
      <Filter>addons\ofxSpout\libs\SpoutSDK\src</Filter>
    </ClInclude>
    <ClInclude Include="..\..\..\addons\ofxSpout\libs\SpoutSDK\src\SpoutMemoryShare.h">
      <Filter>addons\ofxSpout\libs\SpoutSDK\src</Filter>
    </ClInclude>
    <ClInclude Include="..\..\..\addons\ofxSpout\libs\SpoutSDK\src\SpoutReceiver.h">
      <Filter>addons\ofxSpout\libs\SpoutSDK\src</Filter>
    </ClInclude>
    <ClInclude Include="..\..\..\addons\ofxSpout\libs\SpoutSDK\src\SpoutSDK.h">
      <Filter>addons\ofxSpout\libs\SpoutSDK\src</Filter>
    </ClInclude>
    <ClInclude Include="..\..\..\addons\ofxSpout\libs\SpoutSDK\src\SpoutSender.h">
      <Filter>addons\ofxSpout\libs\SpoutSDK\src</Filter>
    </ClInclude>
    <ClInclude Include="..\..\..\addons\ofxSpout\libs\SpoutSDK\src\SpoutSenderNames.h">
      <Filter>addons\ofxSpout\libs\SpoutSDK\src</Filter>
    </ClInclude>
    <ClInclude Include="..\..\..\addons\ofxSpout\libs\SpoutSDK\src\SpoutSharedMemory.h">
      <Filter>addons\ofxSpout\libs\SpoutSDK\src</Filter>
    </ClInclude>
    <ClInclude Include="..\..\..\addons\ofxSpout\libs\SpoutSDK\src\SpoutUtils.h">
      <Filter>addons\ofxSpout\libs\SpoutSDK\src</Filter>
    </ClInclude>
    <ClInclude Include="..\..\..\addons\ofxXmlSettings\src\ofxXmlSettings.h">
      <Filter>addons\ofxXmlSettings\src</Filter>
    </ClInclude>
    <ClInclude Include="..\..\..\addons\ofxXmlSettings\libs\tinyxml.h">
      <Filter>addons\ofxXmlSettings\libs</Filter>
    </ClInclude>
  </ItemGroup>
  <ItemGroup>
    <ResourceCompile Include="icon.rc" />
  </ItemGroup>
  <ItemGroup>
    <None Include="src\shaders\firstPassShader.frag">
      <Filter>src\shaders</Filter>
    </None>
    <None Include="src\shaders\firstPassShader.vert">
      <Filter>src\shaders</Filter>
    </None>
    <None Include="src\shaders\loadingScreenPassShader.frag">
      <Filter>src\shaders</Filter>
    </None>
    <None Include="src\shaders\loadingScreenPassShader.vert">
      <Filter>src\shaders</Filter>
    </None>
    <None Include="src\shaders\pingPongPassShader.frag">
      <Filter>src\shaders</Filter>
    </None>
    <None Include="src\shaders\pingPongPassShader.vert">
      <Filter>src\shaders</Filter>
    </None>
    <None Include="src\shaders\subsamplePassShader.frag">
      <Filter>src\shaders</Filter>
    </None>
    <None Include="src\shaders\subsamplePassShader.vert">
      <Filter>src\shaders</Filter>
    </None>
  </ItemGroup>
</Project>